
Microsoft Visual Studio Solution File, Format Version 12.00
# Visual Studio Version 17
VisualStudioVersion = 17.10.35013.160
MinimumVisualStudioVersion = 10.0.40219.1
Project("{FAE04EC0-301F-11D3-BF4B-00C04F79EFBC}") = "PortalMVC2", "PortalMVC2\PortalMVC2.csproj", "{2A0B5390-3A2E-4FC9-894F-CEE53791BB76}"
EndProject
Project("{FAE04EC0-301F-11D3-BF4B-00C04F79EFBC}") = "SecondApi", "SecondApi\SecondApi.csproj", "{B6FB8F54-55B7-4670-82C8-5B58BE2F22DE}"
EndProject
Project("{FAE04EC0-301F-11D3-BF4B-00C04F79EFBC}") = "Entities", "Entities\Entities.csproj", "{57B12908-8CF7-46D3-8199-5B7196A90A84}"
EndProject
Project("{FAE04EC0-301F-11D3-BF4B-00C04F79EFBC}") = "DataAccessLayer", "DataAccessLayer\DataAccessLayer.csproj", "{EC91AF24-C48A-4B81-85C2-2E070269DCA0}"
EndProject
Project("{FAE04EC0-301F-11D3-BF4B-00C04F79EFBC}") = "FirstApi", "FirstApi\FirstApi.csproj", "{DFE71C69-1167-4EF8-BCFE-9347B40B4A96}"
EndProject
Global
	GlobalSection(SolutionConfigurationPlatforms) = preSolution
		Debug|Any CPU = Debug|Any CPU
		Release|Any CPU = Release|Any CPU
	EndGlobalSection
	GlobalSection(ProjectConfigurationPlatforms) = postSolution
		{2A0B5390-3A2E-4FC9-894F-CEE53791BB76}.Debug|Any CPU.ActiveCfg = Debug|Any CPU
		{2A0B5390-3A2E-4FC9-894F-CEE53791BB76}.Debug|Any CPU.Build.0 = Debug|Any CPU
		{2A0B5390-3A2E-4FC9-894F-CEE53791BB76}.Release|Any CPU.ActiveCfg = Release|Any CPU
		{2A0B5390-3A2E-4FC9-894F-CEE53791BB76}.Release|Any CPU.Build.0 = Release|Any CPU
		{B6FB8F54-55B7-4670-82C8-5B58BE2F22DE}.Debug|Any CPU.ActiveCfg = Debug|Any CPU
		{B6FB8F54-55B7-4670-82C8-5B58BE2F22DE}.Debug|Any CPU.Build.0 = Debug|Any CPU
		{B6FB8F54-55B7-4670-82C8-5B58BE2F22DE}.Release|Any CPU.ActiveCfg = Release|Any CPU
		{B6FB8F54-55B7-4670-82C8-5B58BE2F22DE}.Release|Any CPU.Build.0 = Release|Any CPU
		{57B12908-8CF7-46D3-8199-5B7196A90A84}.Debug|Any CPU.ActiveCfg = Debug|Any CPU
		{57B12908-8CF7-46D3-8199-5B7196A90A84}.Debug|Any CPU.Build.0 = Debug|Any CPU
		{57B12908-8CF7-46D3-8199-5B7196A90A84}.Release|Any CPU.ActiveCfg = Release|Any CPU
		{57B12908-8CF7-46D3-8199-5B7196A90A84}.Release|Any CPU.Build.0 = Release|Any CPU
		{EC91AF24-C48A-4B81-85C2-2E070269DCA0}.Debug|Any CPU.ActiveCfg = Debug|Any CPU
		{EC91AF24-C48A-4B81-85C2-2E070269DCA0}.Debug|Any CPU.Build.0 = Debug|Any CPU
		{EC91AF24-C48A-4B81-85C2-2E070269DCA0}.Release|Any CPU.ActiveCfg = Release|Any CPU
		{EC91AF24-C48A-4B81-85C2-2E070269DCA0}.Release|Any CPU.Build.0 = Release|Any CPU
		{DFE71C69-1167-4EF8-BCFE-9347B40B4A96}.Debug|Any CPU.ActiveCfg = Debug|Any CPU
		{DFE71C69-1167-4EF8-BCFE-9347B40B4A96}.Debug|Any CPU.Build.0 = Debug|Any CPU
		{DFE71C69-1167-4EF8-BCFE-9347B40B4A96}.Release|Any CPU.ActiveCfg = Release|Any CPU
		{DFE71C69-1167-4EF8-BCFE-9347B40B4A96}.Release|Any CPU.Build.0 = Release|Any CPU
	EndGlobalSection
	GlobalSection(SolutionProperties) = preSolution
		HideSolutionNode = FALSE
	EndGlobalSection
	GlobalSection(ExtensibilityGlobals) = postSolution
		SolutionGuid = {6461A561-96B7-4361-B394-447E6CBC1A8E}
	EndGlobalSection
EndGlobal
